
Microsoft Visual Studio Solution File, Format Version 12.00
# Visual Studio Version 16
VisualStudioVersion = 16.0.32630.194
MinimumVisualStudioVersion = 10.0.40219.1
Project("{9A19103F-16F7-4668-BE54-9A1E7A4F7556}") = "PHIASPACE.INCIDENCE", "PHIASPACE.INCIDENCE.csproj", "{AFE79576-B981-43B5-BE36-0431A12B4E69}"
EndProject
Global
	GlobalSection(SolutionConfigurationPlatforms) = preSolution
		Debug|Any CPU = Debug|Any CPU
		Release|Any CPU = Release|Any CPU
	EndGlobalSection
	GlobalSection(ProjectConfigurationPlatforms) = postSolution
		{AFE79576-B981-43B5-BE36-0431A12B4E69}.Debug|Any CPU.ActiveCfg = Debug|Any CPU
		{AFE79576-B981-43B5-BE36-0431A12B4E69}.Debug|Any CPU.Build.0 = Debug|Any CPU
		{AFE79576-B981-43B5-BE36-0431A12B4E69}.Release|Any CPU.ActiveCfg = Release|Any CPU
		{AFE79576-B981-43B5-BE36-0431A12B4E69}.Release|Any CPU.Build.0 = Release|Any CPU
	EndGlobalSection
	GlobalSection(SolutionProperties) = preSolution
		HideSolutionNode = FALSE
	EndGlobalSection
	GlobalSection(ExtensibilityGlobals) = postSolution
		SolutionGuid = {3928DFC0-5529-4794-B2CA-35DB377A9444}
	EndGlobalSection
EndGlobal
