
Microsoft Visual Studio Solution File, Format Version 12.00
# Visual Studio Version 16
VisualStudioVersion = 25.0.1706.8
MinimumVisualStudioVersion = 10.0.40219.1
Project("{9A19103F-16F7-4668-BE54-9A1E7A4F7556}") = "PHIASPACE.API", "PHIASPACE.API\PHIASPACE.API.csproj", "{B1AAE855-A6CA-40F1-8D3F-78D00B324EC1}"
EndProject
Project("{9A19103F-16F7-4668-BE54-9A1E7A4F7556}") = "PHIASPACE.CORE", "PHIASPACE.CORE\PHIASPACE.CORE.csproj", "{3E913858-C6FE-475E-9C87-B64CB7945097}"
EndProject
Project("{9A19103F-16F7-4668-BE54-9A1E7A4F7556}") = "PHIASPACE.MAPPINGLISTING", "PHIASPACE.MAPPINGLISTING\PHIASPACE.MAPPINGLISTING.csproj", "{40BBFFDD-3913-431E-B049-3EF866B9535C}"
EndProject
Project("{9A19103F-16F7-4668-BE54-9A1E7A4F7556}") = "PHIASPACE.SAMPLEMODULE", "PHIASPACE.SAMPLEMODULE\PHIASPACE.SAMPLEMODULE.csproj", "{5208C880-E3DC-4AD3-8DC8-B5400AD61E7A}"
EndProject
Project("{9A19103F-16F7-4668-BE54-9A1E7A4F7556}") = "PHIASPACE.TICKETING", "PHIASPACE.TICKETING\PHIASPACE.TICKETING.csproj", "{9D2B7E0A-7604-4F97-87AE-AC62B46A4FC5}"
EndProject
Project("{9A19103F-16F7-4668-BE54-9A1E7A4F7556}") = "PHIASPACE.TRAINING", "PHIASPACE.TRAINING\PHIASPACE.TRAINING.csproj", "{13D5C165-44CB-4304-82D4-72B89D64CF1D}"
EndProject
Project("{9A19103F-16F7-4668-BE54-9A1E7A4F7556}") = "PHIASPACE.INTERFACE", "PHIASPACE.INTERFACE\PHIASPACE.INTERFACE.csproj", "{30D0DE60-361E-400F-A8C3-0EB5DFA018EB}"
EndProject
Project("{9A19103F-16F7-4668-BE54-9A1E7A4F7556}") = "PHIASPACE.RTDMS", "PHIASPACE.RTDMS\PHIASPACE.RTDMS.csproj", "{36AD27AC-ADEE-46FE-9438-7688AC137EA4}"
EndProject
Project("{9A19103F-16F7-4668-BE54-9A1E7A4F7556}") = "PHIASPACE.LINKAGE", "PHIASPACE.LINKAGE\PHIASPACE.LINKAGE.csproj", "{774F57C8-0875-4C8C-A624-B9FFE887B068}"
EndProject
Project("{9A19103F-16F7-4668-BE54-9A1E7A4F7556}") = "PHIASPACE.INCIDENCE", "PHIASPACE.INCIDENCE\PHIASPACE.INCIDENCE.csproj", "{191C82D3-A4DD-4854-9874-F74469FECE04}"
EndProject
Global
	GlobalSection(SolutionConfigurationPlatforms) = preSolution
		Debug|Any CPU = Debug|Any CPU
		Release|Any CPU = Release|Any CPU
	EndGlobalSection
	GlobalSection(ProjectConfigurationPlatforms) = postSolution
		{B1AAE855-A6CA-40F1-8D3F-78D00B324EC1}.Debug|Any CPU.ActiveCfg = Debug|Any CPU
		{B1AAE855-A6CA-40F1-8D3F-78D00B324EC1}.Debug|Any CPU.Build.0 = Debug|Any CPU
		{B1AAE855-A6CA-40F1-8D3F-78D00B324EC1}.Release|Any CPU.ActiveCfg = Release|Any CPU
		{B1AAE855-A6CA-40F1-8D3F-78D00B324EC1}.Release|Any CPU.Build.0 = Release|Any CPU
		{3E913858-C6FE-475E-9C87-B64CB7945097}.Debug|Any CPU.ActiveCfg = Debug|Any CPU
		{3E913858-C6FE-475E-9C87-B64CB7945097}.Debug|Any CPU.Build.0 = Debug|Any CPU
		{3E913858-C6FE-475E-9C87-B64CB7945097}.Release|Any CPU.ActiveCfg = Release|Any CPU
		{3E913858-C6FE-475E-9C87-B64CB7945097}.Release|Any CPU.Build.0 = Release|Any CPU
		{40BBFFDD-3913-431E-B049-3EF866B9535C}.Debug|Any CPU.ActiveCfg = Debug|Any CPU
		{40BBFFDD-3913-431E-B049-3EF866B9535C}.Debug|Any CPU.Build.0 = Debug|Any CPU
		{40BBFFDD-3913-431E-B049-3EF866B9535C}.Release|Any CPU.ActiveCfg = Release|Any CPU
		{40BBFFDD-3913-431E-B049-3EF866B9535C}.Release|Any CPU.Build.0 = Release|Any CPU
		{5208C880-E3DC-4AD3-8DC8-B5400AD61E7A}.Debug|Any CPU.ActiveCfg = Debug|Any CPU
		{5208C880-E3DC-4AD3-8DC8-B5400AD61E7A}.Debug|Any CPU.Build.0 = Debug|Any CPU
		{5208C880-E3DC-4AD3-8DC8-B5400AD61E7A}.Release|Any CPU.ActiveCfg = Release|Any CPU
		{5208C880-E3DC-4AD3-8DC8-B5400AD61E7A}.Release|Any CPU.Build.0 = Release|Any CPU
		{9D2B7E0A-7604-4F97-87AE-AC62B46A4FC5}.Debug|Any CPU.ActiveCfg = Debug|Any CPU
		{9D2B7E0A-7604-4F97-87AE-AC62B46A4FC5}.Debug|Any CPU.Build.0 = Debug|Any CPU
		{9D2B7E0A-7604-4F97-87AE-AC62B46A4FC5}.Release|Any CPU.ActiveCfg = Release|Any CPU
		{9D2B7E0A-7604-4F97-87AE-AC62B46A4FC5}.Release|Any CPU.Build.0 = Release|Any CPU
		{13D5C165-44CB-4304-82D4-72B89D64CF1D}.Debug|Any CPU.ActiveCfg = Debug|Any CPU
		{13D5C165-44CB-4304-82D4-72B89D64CF1D}.Debug|Any CPU.Build.0 = Debug|Any CPU
		{13D5C165-44CB-4304-82D4-72B89D64CF1D}.Release|Any CPU.ActiveCfg = Release|Any CPU
		{13D5C165-44CB-4304-82D4-72B89D64CF1D}.Release|Any CPU.Build.0 = Release|Any CPU
		{30D0DE60-361E-400F-A8C3-0EB5DFA018EB}.Debug|Any CPU.ActiveCfg = Debug|Any CPU
		{30D0DE60-361E-400F-A8C3-0EB5DFA018EB}.Debug|Any CPU.Build.0 = Debug|Any CPU
		{30D0DE60-361E-400F-A8C3-0EB5DFA018EB}.Release|Any CPU.ActiveCfg = Release|Any CPU
		{30D0DE60-361E-400F-A8C3-0EB5DFA018EB}.Release|Any CPU.Build.0 = Release|Any CPU
		{36AD27AC-ADEE-46FE-9438-7688AC137EA4}.Debug|Any CPU.ActiveCfg = Debug|Any CPU
		{36AD27AC-ADEE-46FE-9438-7688AC137EA4}.Debug|Any CPU.Build.0 = Debug|Any CPU
		{36AD27AC-ADEE-46FE-9438-7688AC137EA4}.Release|Any CPU.ActiveCfg = Release|Any CPU
		{36AD27AC-ADEE-46FE-9438-7688AC137EA4}.Release|Any CPU.Build.0 = Release|Any CPU
		{774F57C8-0875-4C8C-A624-B9FFE887B068}.Debug|Any CPU.ActiveCfg = Debug|Any CPU
		{774F57C8-0875-4C8C-A624-B9FFE887B068}.Debug|Any CPU.Build.0 = Debug|Any CPU
		{774F57C8-0875-4C8C-A624-B9FFE887B068}.Release|Any CPU.ActiveCfg = Release|Any CPU
		{774F57C8-0875-4C8C-A624-B9FFE887B068}.Release|Any CPU.Build.0 = Release|Any CPU
		{191C82D3-A4DD-4854-9874-F74469FECE04}.Debug|Any CPU.ActiveCfg = Debug|Any CPU
		{191C82D3-A4DD-4854-9874-F74469FECE04}.Debug|Any CPU.Build.0 = Debug|Any CPU
		{191C82D3-A4DD-4854-9874-F74469FECE04}.Release|Any CPU.ActiveCfg = Release|Any CPU
		{191C82D3-A4DD-4854-9874-F74469FECE04}.Release|Any CPU.Build.0 = Release|Any CPU
	EndGlobalSection
	GlobalSection(SolutionProperties) = preSolution
		HideSolutionNode = FALSE
	EndGlobalSection
	GlobalSection(ExtensibilityGlobals) = postSolution
		SolutionGuid = {41CCF18C-3658-41C1-9865-38C2038230F8}
	EndGlobalSection
EndGlobal
